
Microsoft Visual Studio Solution File, Format Version 12.00
# Visual Studio Version 17
VisualStudioVersion = 17.8.34309.116
MinimumVisualStudioVersion = 10.0.40219.1
Project("{FAE04EC0-301F-11D3-BF4B-00C04F79EFBC}") = "RickAndMorty", "RickAndMorty.csproj", "{F39CF2F4-3138-4693-89B9-8AFAB134D1F2}"
EndProject
Global
	GlobalSection(SolutionConfigurationPlatforms) = preSolution
		Debug|Any CPU = Debug|Any CPU
		Release|Any CPU = Release|Any CPU
	EndGlobalSection
	GlobalSection(ProjectConfigurationPlatforms) = postSolution
		{F39CF2F4-3138-4693-89B9-8AFAB134D1F2}.Debug|Any CPU.ActiveCfg = Debug|Any CPU
		{F39CF2F4-3138-4693-89B9-8AFAB134D1F2}.Debug|Any CPU.Build.0 = Debug|Any CPU
		{F39CF2F4-3138-4693-89B9-8AFAB134D1F2}.Release|Any CPU.ActiveCfg = Release|Any CPU
		{F39CF2F4-3138-4693-89B9-8AFAB134D1F2}.Release|Any CPU.Build.0 = Release|Any CPU
	EndGlobalSection
	GlobalSection(SolutionProperties) = preSolution
		HideSolutionNode = FALSE
	EndGlobalSection
	GlobalSection(ExtensibilityGlobals) = postSolution
		SolutionGuid = {FABF8F82-C509-4A0B-ACFF-31F6DA6E3711}
	EndGlobalSection
EndGlobal
